# THIS IS AN AUTOGENERATED FILE. DO NOT EDIT THIS FILE DIRECTLY.
# yarn lockfile v1


"@types/chalk@^2.2.0":
  version "2.2.0"
  resolved "https://registry.npm.taobao.org/@types/chalk/download/@types/chalk-2.2.0.tgz#b7f6e446f4511029ee8e3f43075fb5b73fbaa0ba"
  integrity sha1-t/bkRvRRECnujj9DB1+1tz+6oLo=
  dependencies:
    chalk "*"

"@types/fs-extra@^9.0.13":
  version "9.0.13"
  resolved "https://registry.nlark.com/@types/fs-extra/download/@types/fs-extra-9.0.13.tgz#7594fbae04fe7f1918ce8b3d213f74ff44ac1f45"
  integrity sha1-dZT7rgT+fxkYzos9IT90/0SsH0U=
  dependencies:
    "@types/node" "*"

"@types/node@*", "@types/node@^16.11.6":
  version "16.11.6"
  resolved "https://registry.npmmirror.com/@types/node/download/@types/node-16.11.6.tgz#6bef7a2a0ad684cf6e90fcfe31cecabd9ce0a3ae"
  integrity sha1-a+96KgrWhM9ukPz+Mc7KvZzgo64=

ansi-styles@^4.1.0:
  version "4.3.0"
  resolved "https://registry.nlark.com/ansi-styles/download/ansi-styles-4.3.0.tgz#edd803628ae71c04c85ae7a0906edad34b648937"
  integrity sha1-7dgDYornHATIWuegkG7a00tkiTc=
  dependencies:
    color-convert "^2.0.1"

chalk@*, chalk@^4.1.2:
  version "4.1.2"
  resolved "https://registry.nlark.com/chalk/download/chalk-4.1.2.tgz?cache=0&sync_timestamp=1627646697260&other_urls=https%3A%2F%2Fregistry.nlark.com%2Fchalk%2Fdownload%2Fchalk-4.1.2.tgz#aac4e2b7734a740867aeb16bf02aad556a1e7a01"
  integrity sha1-qsTit3NKdAhnrrFr8CqtVWoeegE=
  dependencies:
    ansi-styles "^4.1.0"
    supports-color "^7.1.0"

color-convert@^2.0.1:
  version "2.0.1"
  resolved "https://registry.npm.taobao.org/color-convert/download/color-convert-2.0.1.tgz#72d3a68d598c9bdb3af2ad1e84f21d896abd4de3"
  integrity sha1-ctOmjVmMm9s68q0ehPIdiWq9TeM=
  dependencies:
    color-name "~1.1.4"

color-name@~1.1.4:
  version "1.1.4"
  resolved "https://registry.npm.taobao.org/color-name/download/color-name-1.1.4.tgz#c2a09a87acbde69543de6f63fa3995c826c536a2"
  integrity sha1-wqCah6y95pVD3m9j+jmVyCbFNqI=

esbuild-android-arm64@0.13.10:
  version "0.13.10"
  resolved "https://registry.npmmirror.com/esbuild-android-arm64/download/esbuild-android-arm64-0.13.10.tgz?cache=0&sync_timestamp=1635405482537&other_urls=https%3A%2F%2Fregistry.npmmirror.com%2Fesbuild-android-arm64%2Fdownload%2Fesbuild-android-arm64-0.13.10.tgz#3545c71bf01e8b36535681078cdb0191c8654452"
  integrity sha1-NUXHG/AeizZTVoEHjNsBkchlRFI=

esbuild-darwin-64@0.13.10:
  version "0.13.10"
  resolved "https://registry.npmmirror.com/esbuild-darwin-64/download/esbuild-darwin-64-0.13.10.tgz?cache=0&sync_timestamp=1635405489590&other_urls=https%3A%2F%2Fregistry.npmmirror.com%2Fesbuild-darwin-64%2Fdownload%2Fesbuild-darwin-64-0.13.10.tgz#143e34d7f5d3860cc681c64c860f531e60496b5b"
  integrity sha1-FD401/XThgzGgcZMhg9THmBJa1s=

esbuild-darwin-arm64@0.13.10:
  version "0.13.10"
  resolved "https://registry.npmmirror.com/esbuild-darwin-arm64/download/esbuild-darwin-arm64-0.13.10.tgz?cache=0&sync_timestamp=1635404937059&other_urls=https%3A%2F%2Fregistry.npmmirror.com%2Fesbuild-darwin-arm64%2Fdownload%2Fesbuild-darwin-arm64-0.13.10.tgz#456a044b789d5d256af8d264314da5217ca9fcd1"
  integrity sha1-RWoES3idXSVq+NJkMU2lIXyp/NE=

esbuild-freebsd-64@0.13.10:
  version "0.13.10"
  resolved "https://registry.npmmirror.com/esbuild-freebsd-64/download/esbuild-freebsd-64-0.13.10.tgz?cache=0&sync_timestamp=1635404937530&other_urls=https%3A%2F%2Fregistry.npmmirror.com%2Fesbuild-freebsd-64%2Fdownload%2Fesbuild-freebsd-64-0.13.10.tgz#dcd829a4a95226716faae8a2f378f08688f921b6"
  integrity sha1-3NgppKlSJnFvquii83jwhoj5IbY=

esbuild-freebsd-arm64@0.13.10:
  version "0.13.10"
  resolved "https://registry.npmmirror.com/esbuild-freebsd-arm64/download/esbuild-freebsd-arm64-0.13.10.tgz?cache=0&sync_timestamp=1635404938103&other_urls=https%3A%2F%2Fregistry.npmmirror.com%2Fesbuild-freebsd-arm64%2Fdownload%2Fesbuild-freebsd-arm64-0.13.10.tgz#116c254b3eb1b9d1dd6f12e0271967de4512ca09"
  integrity sha1-EWwlSz6xudHdbxLgJxln3kUSygk=

esbuild-linux-32@0.13.10:
  version "0.13.10"
  resolved "https://registry.npmmirror.com/esbuild-linux-32/download/esbuild-linux-32-0.13.10.tgz?cache=0&sync_timestamp=1635404938629&other_urls=https%3A%2F%2Fregistry.npmmirror.com%2Fesbuild-linux-32%2Fdownload%2Fesbuild-linux-32-0.13.10.tgz#131971622c38e5aa014303a494a1b5c3cc90f2be"
  integrity sha1-ExlxYiw45aoBQwOklKG1w8yQ8r4=

esbuild-linux-64@0.13.10:
  version "0.13.10"
  resolved "https://registry.npmmirror.com/esbuild-linux-64/download/esbuild-linux-64-0.13.10.tgz?cache=0&sync_timestamp=1635404939296&other_urls=https%3A%2F%2Fregistry.npmmirror.com%2Fesbuild-linux-64%2Fdownload%2Fesbuild-linux-64-0.13.10.tgz#48826c388abd5dde3fc098a8ef38d8b548674f93"
  integrity sha1-SIJsOIq9Xd4/wJio7zjYtUhnT5M=

esbuild-linux-arm64@0.13.10:
  version "0.13.10"
  resolved "https://registry.npmmirror.com/esbuild-linux-arm64/download/esbuild-linux-arm64-0.13.10.tgz?cache=0&sync_timestamp=1635404940357&other_urls=https%3A%2F%2Fregistry.npmmirror.com%2Fesbuild-linux-arm64%2Fdownload%2Fesbuild-linux-arm64-0.13.10.tgz#0be9ffc92e30641869c7fbca0ec5d30fa8cbddd6"
  integrity sha1-C+n/yS4wZBhpx/vKDsXTD6jL3dY=

esbuild-linux-arm@0.13.10:
  version "0.13.10"
  resolved "https://registry.npmmirror.com/esbuild-linux-arm/download/esbuild-linux-arm-0.13.10.tgz?cache=0&sync_timestamp=1635404939869&other_urls=https%3A%2F%2Fregistry.npmmirror.com%2Fesbuild-linux-arm%2Fdownload%2Fesbuild-linux-arm-0.13.10.tgz#8c15bcaa41a022c834f049a71a7d1fbade507532"
  integrity sha1-jBW8qkGgIsg08EmnGn0fut5QdTI=

esbuild-linux-mips64le@0.13.10:
  version "0.13.10"
  resolved "https://registry.npmmirror.com/esbuild-linux-mips64le/download/esbuild-linux-mips64le-0.13.10.tgz?cache=0&sync_timestamp=1635404940930&other_urls=https%3A%2F%2Fregistry.npmmirror.com%2Fesbuild-linux-mips64le%2Fdownload%2Fesbuild-linux-mips64le-0.13.10.tgz#5bb33a2bc82e9c78ed724f345a8359610ddc9695"
  integrity sha1-W7M6K8gunHjtck80WoNZYQ3clpU=

esbuild-linux-ppc64le@0.13.10:
  version "0.13.10"
  resolved "https://registry.npmmirror.com/esbuild-linux-ppc64le/download/esbuild-linux-ppc64le-0.13.10.tgz?cache=0&sync_timestamp=1635404941429&other_urls=https%3A%2F%2Fregistry.npmmirror.com%2Fesbuild-linux-ppc64le%2Fdownload%2Fesbuild-linux-ppc64le-0.13.10.tgz#18703cd0d52447d97486735b8e79fba7d81eac65"
  integrity sha1-GHA80NUkR9l0hnNbjnn7p9gerGU=

esbuild-netbsd-64@0.13.10:
  version "0.13.10"
  resolved "https://registry.npmmirror.com/esbuild-netbsd-64/download/esbuild-netbsd-64-0.13.10.tgz?cache=0&sync_timestamp=1635404942411&other_urls=https%3A%2F%2Fregistry.npmmirror.com%2Fesbuild-netbsd-64%2Fdownload%2Fesbuild-netbsd-64-0.13.10.tgz#3ecb06158aadb5b7396a5b7632069181b1591c56"
  integrity sha1-PssGFYqttbc5alt2MgaRgbFZHFY=

esbuild-openbsd-64@0.13.10:
  version "0.13.10"
  resolved "https://registry.npmmirror.com/esbuild-openbsd-64/download/esbuild-openbsd-64-0.13.10.tgz#3a6950b1d955de921ac52f7af0b4865e89d6e4f1"
  integrity sha1-OmlQsdlV3pIaxS968LSGXonW5PE=

esbuild-sunos-64@0.13.10:
  version "0.13.10"
  resolved "https://registry.npmmirror.com/esbuild-sunos-64/download/esbuild-sunos-64-0.13.10.tgz?cache=0&sync_timestamp=1635404943192&other_urls=https%3A%2F%2Fregistry.npmmirror.com%2Fesbuild-sunos-64%2Fdownload%2Fesbuild-sunos-64-0.13.10.tgz#ad407f721a8b5727fca31958b5eab1b0232e2d73"
  integrity sha1-rUB/chqLVyf8oxlYteqxsCMuLXM=

esbuild-windows-32@0.13.10:
  version "0.13.10"
  resolved "https://registry.npmmirror.com/esbuild-windows-32/download/esbuild-windows-32-0.13.10.tgz?cache=0&sync_timestamp=1635404943698&other_urls=https%3A%2F%2Fregistry.npmmirror.com%2Fesbuild-windows-32%2Fdownload%2Fesbuild-windows-32-0.13.10.tgz#ddaaa0b6e172df6512edc7a91bd2456615cfa914"
  integrity sha1-3aqgtuFy32US7cepG9JFZhXPqRQ=

esbuild-windows-64@0.13.10:
  version "0.13.10"
  resolved "https://registry.npmmirror.com/esbuild-windows-64/download/esbuild-windows-64-0.13.10.tgz?cache=0&sync_timestamp=1635404944222&other_urls=https%3A%2F%2Fregistry.npmmirror.com%2Fesbuild-windows-64%2Fdownload%2Fesbuild-windows-64-0.13.10.tgz#93d861abf36bf71b6e61f5cbd2e42762ce5cb83a"
  integrity sha1-k9hhq/Nr9xtuYfXL0uQnYs5cuDo=

esbuild-windows-arm64@0.13.10:
  version "0.13.10"
  resolved "https://registry.npmmirror.com/esbuild-windows-arm64/download/esbuild-windows-arm64-0.13.10.tgz?cache=0&sync_timestamp=1635404944859&other_urls=https%3A%2F%2Fregistry.npmmirror.com%2Fesbuild-windows-arm64%2Fdownload%2Fesbuild-windows-arm64-0.13.10.tgz#85a2d338aaa8b0cd1d8ecbe9150def9a608e8947"
  integrity sha1-haLTOKqosM0djsvpFQ3vmmCOiUc=

esbuild@^0.13.2:
  version "0.13.10"
  resolved "https://registry.npmmirror.com/esbuild/download/esbuild-0.13.10.tgz#e3d24d59f1d8b2130d746ca858efcb80e1d99b26"
  integrity sha1-49JNWfHYshMNdGyoWO/LgOHZmyY=
  optionalDependencies:
    esbuild-android-arm64 "0.13.10"
    esbuild-darwin-64 "0.13.10"
    esbuild-darwin-arm64 "0.13.10"
    esbuild-freebsd-64 "0.13.10"
    esbuild-freebsd-arm64 "0.13.10"
    esbuild-linux-32 "0.13.10"
    esbuild-linux-64 "0.13.10"
    esbuild-linux-arm "0.13.10"
    esbuild-linux-arm64 "0.13.10"
    esbuild-linux-mips64le "0.13.10"
    esbuild-linux-ppc64le "0.13.10"
    esbuild-netbsd-64 "0.13.10"
    esbuild-openbsd-64 "0.13.10"
    esbuild-sunos-64 "0.13.10"
    esbuild-windows-32 "0.13.10"
    esbuild-windows-64 "0.13.10"
    esbuild-windows-arm64 "0.13.10"

fs-extra@^10.0.0:
  version "10.0.0"
  resolved "https://registry.nlark.com/fs-extra/download/fs-extra-10.0.0.tgz#9ff61b655dde53fb34a82df84bb214ce802e17c1"
  integrity sha1-n/YbZV3eU/s0qC34S7IUzoAuF8E=
  dependencies:
    graceful-fs "^4.2.0"
    jsonfile "^6.0.1"
    universalify "^2.0.0"

fsevents@~2.3.2:
  version "2.3.2"
  resolved "https://registry.nlark.com/fsevents/download/fsevents-2.3.2.tgz#8a526f78b8fdf4623b709e0b975c52c24c02fd1a"
  integrity sha1-ilJveLj99GI7cJ4Ll1xSwkwC/Ro=

function-bind@^1.1.1:
  version "1.1.1"
  resolved "https://registry.npm.taobao.org/function-bind/download/function-bind-1.1.1.tgz#a56899d3ea3c9bab874bb9773b7c5ede92f4895d"
  integrity sha1-pWiZ0+o8m6uHS7l3O3xe3pL0iV0=

graceful-fs@^4.1.6, graceful-fs@^4.2.0:
  version "4.2.8"
  resolved "https://registry.nlark.com/graceful-fs/download/graceful-fs-4.2.8.tgz?cache=0&sync_timestamp=1628194078324&other_urls=https%3A%2F%2Fregistry.nlark.com%2Fgraceful-fs%2Fdownload%2Fgraceful-fs-4.2.8.tgz#e412b8d33f5e006593cbd3cee6df9f2cebbe802a"
  integrity sha1-5BK40z9eAGWTy9PO5t+fLOu+gCo=

has-flag@^4.0.0:
  version "4.0.0"
  resolved "https://registry.nlark.com/has-flag/download/has-flag-4.0.0.tgz#944771fd9c81c81265c4d6941860da06bb59479b"
  integrity sha1-lEdx/ZyByBJlxNaUGGDaBrtZR5s=

has@^1.0.3:
  version "1.0.3"
  resolved "https://registry.nlark.com/has/download/has-1.0.3.tgz#722d7cbfc1f6aa8241f16dd814e011e1f41e8796"
  integrity sha1-ci18v8H2qoJB8W3YFOAR4fQeh5Y=
  dependencies:
    function-bind "^1.1.1"

is-core-module@^2.2.0:
  version "2.8.0"
  resolved "https://registry.npmmirror.com/is-core-module/download/is-core-module-2.8.0.tgz?cache=0&other_urls=https%3A%2F%2Fregistry.npmmirror.com%2Fis-core-module%2Fdownload%2Fis-core-module-2.8.0.tgz#0321336c3d0925e497fd97f5d95cb114a5ccd548"
  integrity sha1-AyEzbD0JJeSX/Zf12VyxFKXM1Ug=
  dependencies:
    has "^1.0.3"

jsonfile@^6.0.1:
  version "6.1.0"
  resolved "https://registry.nlark.com/jsonfile/download/jsonfile-6.1.0.tgz#bc55b2634793c679ec6403094eb13698a6ec0aae"
  integrity sha1-vFWyY0eTxnnsZAMJTrE2mKbsCq4=
  dependencies:
    universalify "^2.0.0"
  optionalDependencies:
    graceful-fs "^4.1.6"

nanoid@^3.1.30:
  version "3.1.30"
  resolved "https://registry.npmmirror.com/nanoid/download/nanoid-3.1.30.tgz?cache=0&sync_timestamp=1634166192601&other_urls=https%3A%2F%2Fregistry.npmmirror.com%2Fnanoid%2Fdownload%2Fnanoid-3.1.30.tgz#63f93cc548d2a113dc5dfbc63bfa09e2b9b64362"
  integrity sha1-Y/k8xUjSoRPcXfvGO/oJ4rm2Q2I=

path-parse@^1.0.6:
  version "1.0.7"
  resolved "https://registry.nlark.com/path-parse/download/path-parse-1.0.7.tgz#fbc114b60ca42b30d9daf5858e4bd68bbedb6735"
  integrity sha1-+8EUtgykKzDZ2vWFjkvWi77bZzU=

picocolors@^1.0.0:
  version "1.0.0"
  resolved "https://registry.npmmirror.com/picocolors/download/picocolors-1.0.0.tgz?cache=0&sync_timestamp=1634093442271&other_urls=https%3A%2F%2Fregistry.npmmirror.com%2Fpicocolors%2Fdownload%2Fpicocolors-1.0.0.tgz#cb5bdc74ff3f51892236eaf79d68bc44564ab81c"
  integrity sha1-y1vcdP8/UYkiNur3nWi8RFZKuBw=

postcss@^8.3.8:
  version "8.3.11"
  resolved "https://registry.npmmirror.com/postcss/download/postcss-8.3.11.tgz#c3beca7ea811cd5e1c4a3ec6d2e7599ef1f8f858"
  integrity sha1-w77KfqgRzV4cSj7G0udZnvH4+Fg=
  dependencies:
    nanoid "^3.1.30"
    picocolors "^1.0.0"
    source-map-js "^0.6.2"

resolve@^1.20.0:
  version "1.20.0"
  resolved "https://registry.npm.taobao.org/resolve/download/resolve-1.20.0.tgz#629a013fb3f70755d6f0b7935cc1c2c5378b1975"
  integrity sha1-YpoBP7P3B1XW8LeTXMHCxTeLGXU=
  dependencies:
    is-core-module "^2.2.0"
    path-parse "^1.0.6"

rollup@^2.57.0:
  version "2.58.3"
  resolved "https://registry.npmmirror.com/rollup/download/rollup-2.58.3.tgz?cache=0&sync_timestamp=1635229318454&other_urls=https%3A%2F%2Fregistry.npmmirror.com%2Frollup%2Fdownload%2Frollup-2.58.3.tgz#71a08138d9515fb65043b6a18618b2ed9ac8d239"
  integrity sha1-caCBONlRX7ZQQ7ahhhiy7ZrI0jk=
  optionalDependencies:
    fsevents "~2.3.2"

source-map-js@^0.6.2:
  version "0.6.2"
  resolved "https://registry.nlark.com/source-map-js/download/source-map-js-0.6.2.tgz#0bb5de631b41cfbda6cfba8bd05a80efdfd2385e"
  integrity sha1-C7XeYxtBz72mz7qL0FqA79/SOF4=

supports-color@^7.1.0:
  version "7.2.0"
  resolved "https://registry.nlark.com/supports-color/download/supports-color-7.2.0.tgz?cache=0&sync_timestamp=1626703414084&other_urls=https%3A%2F%2Fregistry.nlark.com%2Fsupports-color%2Fdownload%2Fsupports-color-7.2.0.tgz#1b7dcdcb32b8138801b3e478ba6a51caa89648da"
  integrity sha1-G33NyzK4E4gBs+R4umpRyqiWSNo=
  dependencies:
    has-flag "^4.0.0"

typescript@^4.5.0-beta:
  version "4.5.0-beta"
  resolved "https://registry.npmmirror.com/typescript/download/typescript-4.5.0-beta.tgz?cache=0&sync_timestamp=1635406152802&other_urls=https%3A%2F%2Fregistry.npmmirror.com%2Ftypescript%2Fdownload%2Ftypescript-4.5.0-beta.tgz#f2e2724d93c35e7a0d0d1e55a22d1e4efb2181c7"
  integrity sha1-8uJyTZPDXnoNDR5Voi0eTvshgcc=

universalify@^2.0.0:
  version "2.0.0"
  resolved "https://registry.nlark.com/universalify/download/universalify-2.0.0.tgz#75a4984efedc4b08975c5aeb73f530d02df25717"
  integrity sha1-daSYTv7cSwiXXFrrc/Uw0C3yVxc=

vite@^2.6.13:
  version "2.6.13"
  resolved "https://registry.npmmirror.com/vite/download/vite-2.6.13.tgz#16b3ec85a66d5b461ac29a903874d4357f9af432"
  integrity sha1-FrPshaZtW0YawpqQOHTUNX+a9DI=
  dependencies:
    esbuild "^0.13.2"
    postcss "^8.3.8"
    resolve "^1.20.0"
    rollup "^2.57.0"
  optionalDependencies:
    fsevents "~2.3.2"
